Microsoft Visual Studio Solution File, Format Version 12.00
# Visual Studio Version 17
VisualStudioVersion = 17.0.31903.59
MinimumVisualStudioVersion = 10.0.40219.1
Project("{9A19103F-16F7-4668-BE54-9A1E7A4F7556}") = "spWithMultipleIdps", "spWithMultipleIdps\spWithMultipleIdps.csproj", "{BBC57AAD-BDF2-487E-ACAF-88C8F8C80D3F}"
EndProject
Project("{9A19103F-16F7-4668-BE54-9A1E7A4F7556}") = "spWithIdpInitiated", "spWithIdpInitiated\spWithIdpInitiated.csproj", "{5E1E1DBE-0B41-47D3-8590-3FD0BF63287D}"
EndProject
Project("{2150E333-8FDC-42A3-9474-1A3956D46DE8}") = "IdentityServer4", "IdentityServer4", "{EF06DDB3-96B6-406B-8C73-F5FC7015CF92}"
EndProject
Project("{9A19103F-16F7-4668-BE54-9A1E7A4F7556}") = "idp", "IdentityServer4\idp\idp.csproj", "{095B6A84-DB16-4B9E-BB1A-D1ECD70A6375}"
EndProject
Project("{9A19103F-16F7-4668-BE54-9A1E7A4F7556}") = "idpWithEf", "IdentityServer4\idpWithEf\idpWithEf.csproj", "{C1B7A133-BC88-46DC-959E-292208580400}"
EndProject
Project("{9A19103F-16F7-4668-BE54-9A1E7A4F7556}") = "idpWithIdpInitiated", "IdentityServer4\idpWithIdpInitiated\idpWithIdpInitiated.csproj", "{9566CD52-2951-4D6D-9489-B1CA7C3FB671}"
EndProject
Project("{9A19103F-16F7-4668-BE54-9A1E7A4F7556}") = "sp", "IdentityServer4\sp\sp.csproj", "{EE843CB9-41DC-41E1-9678-E3AABD8C3CE0}"
EndProject
Project("{2150E333-8FDC-42A3-9474-1A3956D46DE8}") = "DuendeIdentityServer", "DuendeIdentityServer", "{59F5F54A-3E11-46B6-A3D4-5719C091DF45}"
EndProject
Project("{9A19103F-16F7-4668-BE54-9A1E7A4F7556}") = "DuendeIdP", "DuendeIdentityServer\DuendeIdP\DuendeIdP.csproj", "{F9A5BB89-E481-4344-9C96-5A29A99B3E37}"
EndProject
Project("{9A19103F-16F7-4668-BE54-9A1E7A4F7556}") = "DuendeDynamicProviders", "DuendeIdentityServer\DuendeDynamicProviders\DuendeDynamicProviders.csproj", "{99583A23-042F-4E0E-921A-D409E1BD1A0A}"
EndProject
Project("{2150E333-8FDC-42A3-9474-1A3956D46DE8}") = "SamlOidcSLO", "SamlOidcSLO", "{F5D0A9C6-1AE7-4BE9-A06E-2979A1453CD6}"
EndProject
Project("{9A19103F-16F7-4668-BE54-9A1E7A4F7556}") = "IdentityServer", "DuendeIdentityServer\SLO\SamlOidcSLO\IdentityServer\IdentityServer.csproj", "{F9786DDA-6EDE-490A-821F-4F060EFF98F0}"
EndProject
Project("{9A19103F-16F7-4668-BE54-9A1E7A4F7556}") = "Common", "DuendeIdentityServer\SLO\SamlOidcSLO\Common\Common.csproj", "{D96DA401-97A7-46AC-A1A7-6716D4AEAE55}"
EndProject
Project("{9A19103F-16F7-4668-BE54-9A1E7A4F7556}") = "WebClient.OIDC", "DuendeIdentityServer\SLO\SamlOidcSLO\WebClient.OIDC\WebClient.OIDC.csproj", "{E39F9182-E9E5-4128-AE3C-B6800952B845}"
EndProject
Project("{9A19103F-16F7-4668-BE54-9A1E7A4F7556}") = "WebClient.SAML.1", "DuendeIdentityServer\SLO\SamlOidcSLO\WebClient.SAML.1\WebClient.SAML.1.csproj", "{35A985EE-3903-4F4B-A94C-A92B2DD2A49B}"
EndProject
Project("{9A19103F-16F7-4668-BE54-9A1E7A4F7556}") = "WebClient.SAML.2", "DuendeIdentityServer\SLO\SamlOidcSLO\WebClient.SAML.2\WebClient.SAML.2.csproj", "{20851470-CF31-4F28-B2ED-E201814909E7}"
EndProject
Project("{9A19103F-16F7-4668-BE54-9A1E7A4F7556}") = "spWithSingleIdp", "spWithSingleIdp\spWithSingleIdp.csproj", "{08734969-2F2A-4D9C-96F4-C2F4A2A68467}"
EndProject
Project("{2150E333-8FDC-42A3-9474-1A3956D46DE8}") = "OpenIddict", "OpenIddict", "{7E7271AB-9691-4F41-9311-200BD6CC8724}"
EndProject
Project("{9A19103F-16F7-4668-BE54-9A1E7A4F7556}") = "OpenIddictIdP", "OpenIddict\OpenIddictIdP\OpenIddictIdP.csproj", "{5197A70C-DB0D-4045-9A72-AF3F80DD74E1}"
EndProject
Global
	GlobalSection(SolutionConfigurationPlatforms) = preSolution
		Debug|Any CPU = Debug|Any CPU
		Release|Any CPU = Release|Any CPU
	EndGlobalSection
	GlobalSection(ProjectConfigurationPlatforms) = postSolution
		{BBC57AAD-BDF2-487E-ACAF-88C8F8C80D3F}.Debug|Any CPU.ActiveCfg = Debug|Any CPU
		{BBC57AAD-BDF2-487E-ACAF-88C8F8C80D3F}.Debug|Any CPU.Build.0 = Debug|Any CPU
		{BBC57AAD-BDF2-487E-ACAF-88C8F8C80D3F}.Release|Any CPU.ActiveCfg = Release|Any CPU
		{BBC57AAD-BDF2-487E-ACAF-88C8F8C80D3F}.Release|Any CPU.Build.0 = Release|Any CPU
		{5E1E1DBE-0B41-47D3-8590-3FD0BF63287D}.Debug|Any CPU.ActiveCfg = Debug|Any CPU
		{5E1E1DBE-0B41-47D3-8590-3FD0BF63287D}.Debug|Any CPU.Build.0 = Debug|Any CPU
		{5E1E1DBE-0B41-47D3-8590-3FD0BF63287D}.Release|Any CPU.ActiveCfg = Release|Any CPU
		{5E1E1DBE-0B41-47D3-8590-3FD0BF63287D}.Release|Any CPU.Build.0 = Release|Any CPU
		{095B6A84-DB16-4B9E-BB1A-D1ECD70A6375}.Debug|Any CPU.ActiveCfg = Debug|Any CPU
		{095B6A84-DB16-4B9E-BB1A-D1ECD70A6375}.Debug|Any CPU.Build.0 = Debug|Any CPU
		{095B6A84-DB16-4B9E-BB1A-D1ECD70A6375}.Release|Any CPU.ActiveCfg = Release|Any CPU
		{095B6A84-DB16-4B9E-BB1A-D1ECD70A6375}.Release|Any CPU.Build.0 = Release|Any CPU
		{C1B7A133-BC88-46DC-959E-292208580400}.Debug|Any CPU.ActiveCfg = Debug|Any CPU
		{C1B7A133-BC88-46DC-959E-292208580400}.Debug|Any CPU.Build.0 = Debug|Any CPU
		{C1B7A133-BC88-46DC-959E-292208580400}.Release|Any CPU.ActiveCfg = Release|Any CPU
		{C1B7A133-BC88-46DC-959E-292208580400}.Release|Any CPU.Build.0 = Release|Any CPU
		{9566CD52-2951-4D6D-9489-B1CA7C3FB671}.Debug|Any CPU.ActiveCfg = Debug|Any CPU
		{9566CD52-2951-4D6D-9489-B1CA7C3FB671}.Debug|Any CPU.Build.0 = Debug|Any CPU
		{9566CD52-2951-4D6D-9489-B1CA7C3FB671}.Release|Any CPU.ActiveCfg = Release|Any CPU
		{9566CD52-2951-4D6D-9489-B1CA7C3FB671}.Release|Any CPU.Build.0 = Release|Any CPU
		{EE843CB9-41DC-41E1-9678-E3AABD8C3CE0}.Debug|Any CPU.ActiveCfg = Debug|Any CPU
		{EE843CB9-41DC-41E1-9678-E3AABD8C3CE0}.Debug|Any CPU.Build.0 = Debug|Any CPU
		{EE843CB9-41DC-41E1-9678-E3AABD8C3CE0}.Release|Any CPU.ActiveCfg = Release|Any CPU
		{EE843CB9-41DC-41E1-9678-E3AABD8C3CE0}.Release|Any CPU.Build.0 = Release|Any CPU
		{F9A5BB89-E481-4344-9C96-5A29A99B3E37}.Debug|Any CPU.ActiveCfg = Debug|Any CPU
		{F9A5BB89-E481-4344-9C96-5A29A99B3E37}.Debug|Any CPU.Build.0 = Debug|Any CPU
		{F9A5BB89-E481-4344-9C96-5A29A99B3E37}.Release|Any CPU.ActiveCfg = Release|Any CPU
		{F9A5BB89-E481-4344-9C96-5A29A99B3E37}.Release|Any CPU.Build.0 = Release|Any CPU
		{99583A23-042F-4E0E-921A-D409E1BD1A0A}.Debug|Any CPU.ActiveCfg = Debug|Any CPU
		{99583A23-042F-4E0E-921A-D409E1BD1A0A}.Debug|Any CPU.Build.0 = Debug|Any CPU
		{99583A23-042F-4E0E-921A-D409E1BD1A0A}.Release|Any CPU.ActiveCfg = Release|Any CPU
		{99583A23-042F-4E0E-921A-D409E1BD1A0A}.Release|Any CPU.Build.0 = Release|Any CPU
		{F9786DDA-6EDE-490A-821F-4F060EFF98F0}.Debug|Any CPU.ActiveCfg = Debug|Any CPU
		{F9786DDA-6EDE-490A-821F-4F060EFF98F0}.Debug|Any CPU.Build.0 = Debug|Any CPU
		{F9786DDA-6EDE-490A-821F-4F060EFF98F0}.Release|Any CPU.ActiveCfg = Release|Any CPU
		{F9786DDA-6EDE-490A-821F-4F060EFF98F0}.Release|Any CPU.Build.0 = Release|Any CPU
		{D96DA401-97A7-46AC-A1A7-6716D4AEAE55}.Debug|Any CPU.ActiveCfg = Debug|Any CPU
		{D96DA401-97A7-46AC-A1A7-6716D4AEAE55}.Debug|Any CPU.Build.0 = Debug|Any CPU
		{D96DA401-97A7-46AC-A1A7-6716D4AEAE55}.Release|Any CPU.ActiveCfg = Release|Any CPU
		{D96DA401-97A7-46AC-A1A7-6716D4AEAE55}.Release|Any CPU.Build.0 = Release|Any CPU
		{E39F9182-E9E5-4128-AE3C-B6800952B845}.Debug|Any CPU.ActiveCfg = Debug|Any CPU
		{E39F9182-E9E5-4128-AE3C-B6800952B845}.Debug|Any CPU.Build.0 = Debug|Any CPU
		{E39F9182-E9E5-4128-AE3C-B6800952B845}.Release|Any CPU.ActiveCfg = Release|Any CPU
		{E39F9182-E9E5-4128-AE3C-B6800952B845}.Release|Any CPU.Build.0 = Release|Any CPU
		{35A985EE-3903-4F4B-A94C-A92B2DD2A49B}.Debug|Any CPU.ActiveCfg = Debug|Any CPU
		{35A985EE-3903-4F4B-A94C-A92B2DD2A49B}.Debug|Any CPU.Build.0 = Debug|Any CPU
		{35A985EE-3903-4F4B-A94C-A92B2DD2A49B}.Release|Any CPU.ActiveCfg = Release|Any CPU
		{35A985EE-3903-4F4B-A94C-A92B2DD2A49B}.Release|Any CPU.Build.0 = Release|Any CPU
		{20851470-CF31-4F28-B2ED-E201814909E7}.Debug|Any CPU.ActiveCfg = Debug|Any CPU
		{20851470-CF31-4F28-B2ED-E201814909E7}.Debug|Any CPU.Build.0 = Debug|Any CPU
		{20851470-CF31-4F28-B2ED-E201814909E7}.Release|Any CPU.ActiveCfg = Release|Any CPU
		{20851470-CF31-4F28-B2ED-E201814909E7}.Release|Any CPU.Build.0 = Release|Any CPU
		{08734969-2F2A-4D9C-96F4-C2F4A2A68467}.Debug|Any CPU.ActiveCfg = Debug|Any CPU
		{08734969-2F2A-4D9C-96F4-C2F4A2A68467}.Debug|Any CPU.Build.0 = Debug|Any CPU
		{08734969-2F2A-4D9C-96F4-C2F4A2A68467}.Release|Any CPU.ActiveCfg = Release|Any CPU
		{08734969-2F2A-4D9C-96F4-C2F4A2A68467}.Release|Any CPU.Build.0 = Release|Any CPU
		{5197A70C-DB0D-4045-9A72-AF3F80DD74E1}.Debug|Any CPU.ActiveCfg = Debug|Any CPU
		{5197A70C-DB0D-4045-9A72-AF3F80DD74E1}.Debug|Any CPU.Build.0 = Debug|Any CPU
		{5197A70C-DB0D-4045-9A72-AF3F80DD74E1}.Release|Any CPU.ActiveCfg = Release|Any CPU
		{5197A70C-DB0D-4045-9A72-AF3F80DD74E1}.Release|Any CPU.Build.0 = Release|Any CPU
	EndGlobalSection
	GlobalSection(SolutionProperties) = preSolution
		HideSolutionNode = FALSE
	EndGlobalSection
	GlobalSection(NestedProjects) = preSolution
		{095B6A84-DB16-4B9E-BB1A-D1ECD70A6375} = {EF06DDB3-96B6-406B-8C73-F5FC7015CF92}
		{C1B7A133-BC88-46DC-959E-292208580400} = {EF06DDB3-96B6-406B-8C73-F5FC7015CF92}
		{9566CD52-2951-4D6D-9489-B1CA7C3FB671} = {EF06DDB3-96B6-406B-8C73-F5FC7015CF92}
		{EE843CB9-41DC-41E1-9678-E3AABD8C3CE0} = {EF06DDB3-96B6-406B-8C73-F5FC7015CF92}
		{F9A5BB89-E481-4344-9C96-5A29A99B3E37} = {59F5F54A-3E11-46B6-A3D4-5719C091DF45}
		{99583A23-042F-4E0E-921A-D409E1BD1A0A} = {59F5F54A-3E11-46B6-A3D4-5719C091DF45}
		{F5D0A9C6-1AE7-4BE9-A06E-2979A1453CD6} = {59F5F54A-3E11-46B6-A3D4-5719C091DF45}
		{F9786DDA-6EDE-490A-821F-4F060EFF98F0} = {F5D0A9C6-1AE7-4BE9-A06E-2979A1453CD6}
		{D96DA401-97A7-46AC-A1A7-6716D4AEAE55} = {F5D0A9C6-1AE7-4BE9-A06E-2979A1453CD6}
		{E39F9182-E9E5-4128-AE3C-B6800952B845} = {F5D0A9C6-1AE7-4BE9-A06E-2979A1453CD6}
		{35A985EE-3903-4F4B-A94C-A92B2DD2A49B} = {F5D0A9C6-1AE7-4BE9-A06E-2979A1453CD6}
		{20851470-CF31-4F28-B2ED-E201814909E7} = {F5D0A9C6-1AE7-4BE9-A06E-2979A1453CD6}
		{5197A70C-DB0D-4045-9A72-AF3F80DD74E1} = {7E7271AB-9691-4F41-9311-200BD6CC8724}
	EndGlobalSection
	GlobalSection(ExtensibilityGlobals) = postSolution
		SolutionGuid = {F38779C6-42F2-4A71-AEDA-8BB78CD8A559}
	EndGlobalSection
EndGlobal
