
Microsoft Visual Studio Solution File, Format Version 12.00
# Visual Studio Version 17
VisualStudioVersion = 17.0.31903.59
MinimumVisualStudioVersion = 10.0.40219.1
Project("{9A19103F-16F7-4668-BE54-9A1E7A4F7556}") = "spWithMultipleIdps", "spWithMultipleIdps\spWithMultipleIdps.csproj", "{BBC57AAD-BDF2-487E-ACAF-88C8F8C80D3F}"
EndProject
Project("{9A19103F-16F7-4668-BE54-9A1E7A4F7556}") = "spWithIdpInitiated", "spWithIdpInitiated\spWithIdpInitiated.csproj", "{5E1E1DBE-0B41-47D3-8590-3FD0BF63287D}"
EndProject
Project("{2150E333-8FDC-42A3-9474-1A3956D46DE8}") = "IdentityServer4", "IdentityServer4", "{EF06DDB3-96B6-406B-8C73-F5FC7015CF92}"
EndProject
Project("{9A19103F-16F7-4668-BE54-9A1E7A4F7556}") = "idp", "IdentityServer4\idp\idp.csproj", "{095B6A84-DB16-4B9E-BB1A-D1ECD70A6375}"
EndProject
Project("{9A19103F-16F7-4668-BE54-9A1E7A4F7556}") = "idpWithEf", "IdentityServer4\idpWithEf\idpWithEf.csproj", "{C1B7A133-BC88-46DC-959E-292208580400}"
EndProject
Project("{9A19103F-16F7-4668-BE54-9A1E7A4F7556}") = "idpWithIdpInitiated", "IdentityServer4\idpWithIdpInitiated\idpWithIdpInitiated.csproj", "{9566CD52-2951-4D6D-9489-B1CA7C3FB671}"
EndProject
Project("{9A19103F-16F7-4668-BE54-9A1E7A4F7556}") = "sp", "IdentityServer4\sp\sp.csproj", "{EE843CB9-41DC-41E1-9678-E3AABD8C3CE0}"
EndProject
Project("{2150E333-8FDC-42A3-9474-1A3956D46DE8}") = "DuendeIdentityServer", "DuendeIdentityServer", "{59F5F54A-3E11-46B6-A3D4-5719C091DF45}"
EndProject
Project("{9A19103F-16F7-4668-BE54-9A1E7A4F7556}") = "DuendeIdP", "DuendeIdentityServer\DuendeIdP\DuendeIdP.csproj", "{F9A5BB89-E481-4344-9C96-5A29A99B3E37}"
EndProject
Project("{9A19103F-16F7-4668-BE54-9A1E7A4F7556}") = "DuendeDynamicProviders", "DuendeIdentityServer\DuendeDynamicProviders\DuendeDynamicProviders.csproj", "{99583A23-042F-4E0E-921A-D409E1BD1A0A}"
EndProject
Project("{FAE04EC0-301F-11D3-BF4B-00C04F79EFBC}") = "spWithSingleIdp", "spWithSingleIdp\spWithSingleIdp.csproj", "{08734969-2F2A-4D9C-96F4-C2F4A2A68467}"
EndProject
Global
	GlobalSection(SolutionConfigurationPlatforms) = preSolution
		Debug|Any CPU = Debug|Any CPU
		Release|Any CPU = Release|Any CPU
	EndGlobalSection
	GlobalSection(ProjectConfigurationPlatforms) = postSolution
		{BBC57AAD-BDF2-487E-ACAF-88C8F8C80D3F}.Debug|Any CPU.ActiveCfg = Debug|Any CPU
		{BBC57AAD-BDF2-487E-ACAF-88C8F8C80D3F}.Debug|Any CPU.Build.0 = Debug|Any CPU
		{BBC57AAD-BDF2-487E-ACAF-88C8F8C80D3F}.Release|Any CPU.ActiveCfg = Release|Any CPU
		{BBC57AAD-BDF2-487E-ACAF-88C8F8C80D3F}.Release|Any CPU.Build.0 = Release|Any CPU
		{5E1E1DBE-0B41-47D3-8590-3FD0BF63287D}.Debug|Any CPU.ActiveCfg = Debug|Any CPU
		{5E1E1DBE-0B41-47D3-8590-3FD0BF63287D}.Debug|Any CPU.Build.0 = Debug|Any CPU
		{5E1E1DBE-0B41-47D3-8590-3FD0BF63287D}.Release|Any CPU.ActiveCfg = Release|Any CPU
		{5E1E1DBE-0B41-47D3-8590-3FD0BF63287D}.Release|Any CPU.Build.0 = Release|Any CPU
		{095B6A84-DB16-4B9E-BB1A-D1ECD70A6375}.Debug|Any CPU.ActiveCfg = Debug|Any CPU
		{095B6A84-DB16-4B9E-BB1A-D1ECD70A6375}.Debug|Any CPU.Build.0 = Debug|Any CPU
		{095B6A84-DB16-4B9E-BB1A-D1ECD70A6375}.Release|Any CPU.ActiveCfg = Release|Any CPU
		{095B6A84-DB16-4B9E-BB1A-D1ECD70A6375}.Release|Any CPU.Build.0 = Release|Any CPU
		{C1B7A133-BC88-46DC-959E-292208580400}.Debug|Any CPU.ActiveCfg = Debug|Any CPU
		{C1B7A133-BC88-46DC-959E-292208580400}.Debug|Any CPU.Build.0 = Debug|Any CPU
		{C1B7A133-BC88-46DC-959E-292208580400}.Release|Any CPU.ActiveCfg = Release|Any CPU
		{C1B7A133-BC88-46DC-959E-292208580400}.Release|Any CPU.Build.0 = Release|Any CPU
		{9566CD52-2951-4D6D-9489-B1CA7C3FB671}.Debug|Any CPU.ActiveCfg = Debug|Any CPU
		{9566CD52-2951-4D6D-9489-B1CA7C3FB671}.Debug|Any CPU.Build.0 = Debug|Any CPU
		{9566CD52-2951-4D6D-9489-B1CA7C3FB671}.Release|Any CPU.ActiveCfg = Release|Any CPU
		{9566CD52-2951-4D6D-9489-B1CA7C3FB671}.Release|Any CPU.Build.0 = Release|Any CPU
		{EE843CB9-41DC-41E1-9678-E3AABD8C3CE0}.Debug|Any CPU.ActiveCfg = Debug|Any CPU
		{EE843CB9-41DC-41E1-9678-E3AABD8C3CE0}.Debug|Any CPU.Build.0 = Debug|Any CPU
		{EE843CB9-41DC-41E1-9678-E3AABD8C3CE0}.Release|Any CPU.ActiveCfg = Release|Any CPU
		{EE843CB9-41DC-41E1-9678-E3AABD8C3CE0}.Release|Any CPU.Build.0 = Release|Any CPU
		{F9A5BB89-E481-4344-9C96-5A29A99B3E37}.Debug|Any CPU.ActiveCfg = Debug|Any CPU
		{F9A5BB89-E481-4344-9C96-5A29A99B3E37}.Debug|Any CPU.Build.0 = Debug|Any CPU
		{F9A5BB89-E481-4344-9C96-5A29A99B3E37}.Release|Any CPU.ActiveCfg = Release|Any CPU
		{F9A5BB89-E481-4344-9C96-5A29A99B3E37}.Release|Any CPU.Build.0 = Release|Any CPU
		{99583A23-042F-4E0E-921A-D409E1BD1A0A}.Debug|Any CPU.ActiveCfg = Debug|Any CPU
		{99583A23-042F-4E0E-921A-D409E1BD1A0A}.Debug|Any CPU.Build.0 = Debug|Any CPU
		{99583A23-042F-4E0E-921A-D409E1BD1A0A}.Release|Any CPU.ActiveCfg = Release|Any CPU
		{99583A23-042F-4E0E-921A-D409E1BD1A0A}.Release|Any CPU.Build.0 = Release|Any CPU
		{08734969-2F2A-4D9C-96F4-C2F4A2A68467}.Debug|Any CPU.ActiveCfg = Debug|Any CPU
		{08734969-2F2A-4D9C-96F4-C2F4A2A68467}.Debug|Any CPU.Build.0 = Debug|Any CPU
		{08734969-2F2A-4D9C-96F4-C2F4A2A68467}.Release|Any CPU.ActiveCfg = Release|Any CPU
		{08734969-2F2A-4D9C-96F4-C2F4A2A68467}.Release|Any CPU.Build.0 = Release|Any CPU
	EndGlobalSection
	GlobalSection(SolutionProperties) = preSolution
		HideSolutionNode = FALSE
	EndGlobalSection
	GlobalSection(NestedProjects) = preSolution
		{095B6A84-DB16-4B9E-BB1A-D1ECD70A6375} = {EF06DDB3-96B6-406B-8C73-F5FC7015CF92}
		{C1B7A133-BC88-46DC-959E-292208580400} = {EF06DDB3-96B6-406B-8C73-F5FC7015CF92}
		{9566CD52-2951-4D6D-9489-B1CA7C3FB671} = {EF06DDB3-96B6-406B-8C73-F5FC7015CF92}
		{EE843CB9-41DC-41E1-9678-E3AABD8C3CE0} = {EF06DDB3-96B6-406B-8C73-F5FC7015CF92}
		{F9A5BB89-E481-4344-9C96-5A29A99B3E37} = {59F5F54A-3E11-46B6-A3D4-5719C091DF45}
		{99583A23-042F-4E0E-921A-D409E1BD1A0A} = {59F5F54A-3E11-46B6-A3D4-5719C091DF45}
	EndGlobalSection
	GlobalSection(ExtensibilityGlobals) = postSolution
		SolutionGuid = {F38779C6-42F2-4A71-AEDA-8BB78CD8A559}
	EndGlobalSection
EndGlobal
